// !$*UTF8*$!
{
	archiveVersion = 1;
	classes = {
	};
	objectVersion = 46;
	objects = {

/* Begin PBXBuildFile section */
		8E512E7EAB45BB4BA86E7453 /* libPods-QFJSPatchDemo.a in Frameworks */ = {isa = PBXBuildFile; fileRef = 02DCC3A7660156C6570D05A5 /* libPods-QFJSPatchDemo.a */; };
		FC87DFBD1DC324F200F2F0BE /* main.m in Sources */ = {isa = PBXBuildFile; fileRef = FC87DFBC1DC324F200F2F0BE /* main.m */; };
		FC87DFC01DC324F200F2F0BE /* AppDelegate.m in Sources */ = {isa = PBXBuildFile; fileRef = FC87DFBF1DC324F200F2F0BE /* AppDelegate.m */; };
		FC87DFC31DC324F200F2F0BE /* ViewController.m in Sources */ = {isa = PBXBuildFile; fileRef = FC87DFC21DC324F200F2F0BE /* ViewController.m */; };
		FC87DFC61DC324F200F2F0BE /* Main.storyboard in Resources */ = {isa = PBXBuildFile; fileRef = FC87DFC41DC324F200F2F0BE /* Main.storyboard */; };
		FC87DFC81DC324F200F2F0BE /* Assets.xcassets in Resources */ = {isa = PBXBuildFile; fileRef = FC87DFC71DC324F200F2F0BE /* Assets.xcassets */; };
		FC87DFCB1DC324F200F2F0BE /* LaunchScreen.storyboard in Resources */ = {isa = PBXBuildFile; fileRef = FC87DFC91DC324F200F2F0BE /* LaunchScreen.storyboard */; };
		FC87DFD61DC324F200F2F0BE /* QFJSPatchDemoTests.m in Sources */ = {isa = PBXBuildFile; fileRef = FC87DFD51DC324F200F2F0BE /* QFJSPatchDemoTests.m */; };
		FC87DFE11DC324F200F2F0BE /* QFJSPatchDemoUITests.m in Sources */ = {isa = PBXBuildFile; fileRef = FC87DFE01DC324F200F2F0BE /* QFJSPatchDemoUITests.m */; };
		FC9F6DBD1DC4605D00D81A8F /* public_key.pem in Resources */ = {isa = PBXBuildFile; fileRef = FC9F6DB51DC4605D00D81A8F /* public_key.pem */; };
		FC9F6DBE1DC4605D00D81A8F /* QFCrashManager.m in Sources */ = {isa = PBXBuildFile; fileRef = FC9F6DB71DC4605D00D81A8F /* QFCrashManager.m */; };
		FC9F6DBF1DC4605D00D81A8F /* QFJSPatch.m in Sources */ = {isa = PBXBuildFile; fileRef = FC9F6DB91DC4605D00D81A8F /* QFJSPatch.m */; };
		FC9F6DC01DC4605D00D81A8F /* RSA.m in Sources */ = {isa = PBXBuildFile; fileRef = FC9F6DBC1DC4605D00D81A8F /* RSA.m */; };
/* End PBXBuildFile section */

/* Begin PBXContainerItemProxy section */
		FC87DFD21DC324F200F2F0BE /* PBXContainerItemProxy */ = {
			isa = PBXContainerItemProxy;
			containerPortal = FC87DFB01DC324F200F2F0BE /* Project object */;
			proxyType = 1;
			remoteGlobalIDString = FC87DFB71DC324F200F2F0BE;
			remoteInfo = QFJSPatchDemo;
		};
		FC87DFDD1DC324F200F2F0BE /* PBXContainerItemProxy */ = {
			isa = PBXContainerItemProxy;
			containerPortal = FC87DFB01DC324F200F2F0BE /* Project object */;
			proxyType = 1;
			remoteGlobalIDString = FC87DFB71DC324F200F2F0BE;
			remoteInfo = QFJSPatchDemo;
		};
/* End PBXContainerItemProxy section */

/* Begin PBXFileReference section */
		02DCC3A7660156C6570D05A5 /* libPods-QFJSPatchDemo.a */ = {isa = PBXFileReference; explicitFileType = archive.ar; includeInIndex = 0; path = "libPods-QFJSPatchDemo.a"; sourceTree = BUILT_PRODUCTS_DIR; };
		761AD4CAF17DCCBD5E13DCD0 /* Pods-QFJSPatchDemo.release.xcconfig */ = {isa = PBXFileReference; includeInIndex = 1; lastKnownFileType = text.xcconfig; name = "Pods-QFJSPatchDemo.release.xcconfig"; path = "Pods/Target Support Files/Pods-QFJSPatchDemo/Pods-QFJSPatchDemo.release.xcconfig"; sourceTree = "<group>"; };
		912EE0218517ACA8A810A081 /* Pods-QFJSPatchDemo.debug.xcconfig */ = {isa = PBXFileReference; includeInIndex = 1; lastKnownFileType = text.xcconfig; name = "Pods-QFJSPatchDemo.debug.xcconfig"; path = "Pods/Target Support Files/Pods-QFJSPatchDemo/Pods-QFJSPatchDemo.debug.xcconfig"; sourceTree = "<group>"; };
		FC87DFB81DC324F200F2F0BE /* QFJSPatchDemo.app */ = {isa = PBXFileReference; explicitFileType = wrapper.application; includeInIndex = 0; path = QFJSPatchDemo.app; sourceTree = BUILT_PRODUCTS_DIR; };
		FC87DFBC1DC324F200F2F0BE /* main.m */ = {isa = PBXFileReference; lastKnownFileType = sourcecode.c.objc; path = main.m; sourceTree = "<group>"; };
		FC87DFBE1DC324F200F2F0BE /* AppDelegate.h */ = {isa = PBXFileReference; lastKnownFileType = sourcecode.c.h; path = AppDelegate.h; sourceTree = "<group>"; };
		FC87DFBF1DC324F200F2F0BE /* AppDelegate.m */ = {isa = PBXFileReference; lastKnownFileType = sourcecode.c.objc; path = AppDelegate.m; sourceTree = "<group>"; };
		FC87DFC11DC324F200F2F0BE /* ViewController.h */ = {isa = PBXFileReference; lastKnownFileType = sourcecode.c.h; path = ViewController.h; sourceTree = "<group>"; };
		FC87DFC21DC324F200F2F0BE /* ViewController.m */ = {isa = PBXFileReference; lastKnownFileType = sourcecode.c.objc; path = ViewController.m; sourceTree = "<group>"; };
		FC87DFC51DC324F200F2F0BE /* Base */ = {isa = PBXFileReference; lastKnownFileType = file.storyboard; name = Base; path = Base.lproj/Main.storyboard; sourceTree = "<group>"; };
		FC87DFC71DC324F200F2F0BE /* Assets.xcassets */ = {isa = PBXFileReference; lastKnownFileType = folder.assetcatalog; path = Assets.xcassets; sourceTree = "<group>"; };
		FC87DFCA1DC324F200F2F0BE /* Base */ = {isa = PBXFileReference; lastKnownFileType = file.storyboard; name = Base; path = Base.lproj/LaunchScreen.storyboard; sourceTree = "<group>"; };
		FC87DFCC1DC324F200F2F0BE /* Info.plist */ = {isa = PBXFileReference; lastKnownFileType = text.plist.xml; path = Info.plist; sourceTree = "<group>"; };
		FC87DFD11DC324F200F2F0BE /* QFJSPatchDemoTests.xctest */ = {isa = PBXFileReference; explicitFileType = wrapper.cfbundle; includeInIndex = 0; path = QFJSPatchDemoTests.xctest; sourceTree = BUILT_PRODUCTS_DIR; };
		FC87DFD51DC324F200F2F0BE /* QFJSPatchDemoTests.m */ = {isa = PBXFileReference; lastKnownFileType = sourcecode.c.objc; path = QFJSPatchDemoTests.m; sourceTree = "<group>"; };
		FC87DFD71DC324F200F2F0BE /* Info.plist */ = {isa = PBXFileReference; lastKnownFileType = text.plist.xml; path = Info.plist; sourceTree = "<group>"; };
		FC87DFDC1DC324F200F2F0BE /* QFJSPatchDemoUITests.xctest */ = {isa = PBXFileReference; explicitFileType = wrapper.cfbundle; includeInIndex = 0; path = QFJSPatchDemoUITests.xctest; sourceTree = BUILT_PRODUCTS_DIR; };
		FC87DFE01DC324F200F2F0BE /* QFJSPatchDemoUITests.m */ = {isa = PBXFileReference; lastKnownFileType = sourcecode.c.objc; path = QFJSPatchDemoUITests.m; sourceTree = "<group>"; };
		FC87DFE21DC324F200F2F0BE /* Info.plist */ = {isa = PBXFileReference; lastKnownFileType = text.plist.xml; path = Info.plist; sourceTree = "<group>"; };
		FC9F6DB51DC4605D00D81A8F /* public_key.pem */ = {isa = PBXFileReference; fileEncoding = 4; lastKnownFileType = text; path = public_key.pem; sourceTree = "<group>"; };
		FC9F6DB61DC4605D00D81A8F /* QFCrashManager.h */ = {isa = PBXFileReference; fileEncoding = 4; lastKnownFileType = sourcecode.c.h; path = QFCrashManager.h; sourceTree = "<group>"; };
		FC9F6DB71DC4605D00D81A8F /* QFCrashManager.m */ = {isa = PBXFileReference; fileEncoding = 4; lastKnownFileType = sourcecode.c.objc; path = QFCrashManager.m; sourceTree = "<group>"; };
		FC9F6DB81DC4605D00D81A8F /* QFJSPatch.h */ = {isa = PBXFileReference; fileEncoding = 4; lastKnownFileType = sourcecode.c.h; path = QFJSPatch.h; sourceTree = "<group>"; };
		FC9F6DB91DC4605D00D81A8F /* QFJSPatch.m */ = {isa = PBXFileReference; fileEncoding = 4; lastKnownFileType = sourcecode.c.objc; path = QFJSPatch.m; sourceTree = "<group>"; };
		FC9F6DBB1DC4605D00D81A8F /* RSA.h */ = {isa = PBXFileReference; fileEncoding = 4; lastKnownFileType = sourcecode.c.h; path = RSA.h; sourceTree = "<group>"; };
		FC9F6DBC1DC4605D00D81A8F /* RSA.m */ = {isa = PBXFileReference; fileEncoding = 4; lastKnownFileType = sourcecode.c.objc; path = RSA.m; sourceTree = "<group>"; };
/* End PBXFileReference section */

/* Begin PBXFrameworksBuildPhase section */
		FC87DFB51DC324F200F2F0BE /* Frameworks */ = {
			isa = PBXFrameworksBuildPhase;
			buildActionMask = 2147483647;
			files = (
				8E512E7EAB45BB4BA86E7453 /* libPods-QFJSPatchDemo.a in Frameworks */,
			);
			runOnlyForDeploymentPostprocessing = 0;
		};
		FC87DFCE1DC324F200F2F0BE /* Frameworks */ = {
			isa = PBXFrameworksBuildPhase;
			buildActionMask = 2147483647;
			files = (
			);
			runOnlyForDeploymentPostprocessing = 0;
		};
		FC87DFD91DC324F200F2F0BE /* Frameworks */ = {
			isa = PBXFrameworksBuildPhase;
			buildActionMask = 2147483647;
			files = (
			);
			runOnlyForDeploymentPostprocessing = 0;
		};
/* End PBXFrameworksBuildPhase section */

/* Begin PBXGroup section */
		57211C7A5D0FA6E47AE9BA73 /* Pods */ = {
			isa = PBXGroup;
			children = (
				912EE0218517ACA8A810A081 /* Pods-QFJSPatchDemo.debug.xcconfig */,
				761AD4CAF17DCCBD5E13DCD0 /* Pods-QFJSPatchDemo.release.xcconfig */,
			);
			name = Pods;
			sourceTree = "<group>";
		};
		89604CF50DAB250593A7B9C0 /* Frameworks */ = {
			isa = PBXGroup;
			children = (
				02DCC3A7660156C6570D05A5 /* libPods-QFJSPatchDemo.a */,
			);
			name = Frameworks;
			sourceTree = "<group>";
		};
		FC87DFAF1DC324F200F2F0BE = {
			isa = PBXGroup;
			children = (
				FC87DFBA1DC324F200F2F0BE /* QFJSPatchDemo */,
				FC87DFD41DC324F200F2F0BE /* QFJSPatchDemoTests */,
				FC87DFDF1DC324F200F2F0BE /* QFJSPatchDemoUITests */,
				FC87DFB91DC324F200F2F0BE /* Products */,
				57211C7A5D0FA6E47AE9BA73 /* Pods */,
				89604CF50DAB250593A7B9C0 /* Frameworks */,
			);
			sourceTree = "<group>";
		};
		FC87DFB91DC324F200F2F0BE /* Products */ = {
			isa = PBXGroup;
			children = (
				FC87DFB81DC324F200F2F0BE /* QFJSPatchDemo.app */,
				FC87DFD11DC324F200F2F0BE /* QFJSPatchDemoTests.xctest */,
				FC87DFDC1DC324F200F2F0BE /* QFJSPatchDemoUITests.xctest */,
			);
			name = Products;
			sourceTree = "<group>";
		};
		FC87DFBA1DC324F200F2F0BE /* QFJSPatchDemo */ = {
			isa = PBXGroup;
			children = (
				FC9F6DB41DC4605D00D81A8F /* QFJSPatch */,
				FC87DFBE1DC324F200F2F0BE /* AppDelegate.h */,
				FC87DFBF1DC324F200F2F0BE /* AppDelegate.m */,
				FC87DFC11DC324F200F2F0BE /* ViewController.h */,
				FC87DFC21DC324F200F2F0BE /* ViewController.m */,
				FC87DFC41DC324F200F2F0BE /* Main.storyboard */,
				FC87DFC71DC324F200F2F0BE /* Assets.xcassets */,
				FC87DFC91DC324F200F2F0BE /* LaunchScreen.storyboard */,
				FC87DFCC1DC324F200F2F0BE /* Info.plist */,
				FC87DFBB1DC324F200F2F0BE /* Supporting Files */,
			);
			path = QFJSPatchDemo;
			sourceTree = "<group>";
		};
		FC87DFBB1DC324F200F2F0BE /* Supporting Files */ = {
			isa = PBXGroup;
			children = (
				FC87DFBC1DC324F200F2F0BE /* main.m */,
			);
			name = "Supporting Files";
			sourceTree = "<group>";
		};
		FC87DFD41DC324F200F2F0BE /* QFJSPatchDemoTests */ = {
			isa = PBXGroup;
			children = (
				FC87DFD51DC324F200F2F0BE /* QFJSPatchDemoTests.m */,
				FC87DFD71DC324F200F2F0BE /* Info.plist */,
			);
			path = QFJSPatchDemoTests;
			sourceTree = "<group>";
		};
		FC87DFDF1DC324F200F2F0BE /* QFJSPatchDemoUITests */ = {
			isa = PBXGroup;
			children = (
				FC87DFE01DC324F200F2F0BE /* QFJSPatchDemoUITests.m */,
				FC87DFE21DC324F200F2F0BE /* Info.plist */,
			);
			path = QFJSPatchDemoUITests;
			sourceTree = "<group>";
		};
		FC9F6DB41DC4605D00D81A8F /* QFJSPatch */ = {
			isa = PBXGroup;
			children = (
				FC9F6DB51DC4605D00D81A8F /* public_key.pem */,
				FC9F6DB61DC4605D00D81A8F /* QFCrashManager.h */,
				FC9F6DB71DC4605D00D81A8F /* QFCrashManager.m */,
				FC9F6DB81DC4605D00D81A8F /* QFJSPatch.h */,
				FC9F6DB91DC4605D00D81A8F /* QFJSPatch.m */,
				FC9F6DBA1DC4605D00D81A8F /* RSA */,
			);
			path = QFJSPatch;
			sourceTree = SOURCE_ROOT;
		};
		FC9F6DBA1DC4605D00D81A8F /* RSA */ = {
			isa = PBXGroup;
			children = (
				FC9F6DBB1DC4605D00D81A8F /* RSA.h */,
				FC9F6DBC1DC4605D00D81A8F /* RSA.m */,
			);
			path = RSA;
			sourceTree = "<group>";
		};
/* End PBXGroup section */

/* Begin PBXNativeTarget section */
		FC87DFB71DC324F200F2F0BE /* QFJSPatchDemo */ = {
			isa = PBXNativeTarget;
			buildConfigurationList = FC87DFE51DC324F200F2F0BE /* Build configuration list for PBXNativeTarget "QFJSPatchDemo" */;
			buildPhases = (
				287E97CF483E6D4DE69536F2 /* [CP] Check Pods Manifest.lock */,
				FC87DFB41DC324F200F2F0BE /* Sources */,
				FC87DFB51DC324F200F2F0BE /* Frameworks */,
				FC87DFB61DC324F200F2F0BE /* Resources */,
				77DB3197AA6FDB45F015F8CB /* [CP] Embed Pods Frameworks */,
				9B6C4971C12D998E3306D9DA /* [CP] Copy Pods Resources */,
			);
			buildRules = (
			);
			dependencies = (
			);
			name = QFJSPatchDemo;
			productName = QFJSPatchDemo;
			productReference = FC87DFB81DC324F200F2F0BE /* QFJSPatchDemo.app */;
			productType = "com.apple.product-type.application";
		};
		FC87DFD01DC324F200F2F0BE /* QFJSPatchDemoTests */ = {
			isa = PBXNativeTarget;
			buildConfigurationList = FC87DFE81DC324F200F2F0BE /* Build configuration list for PBXNativeTarget "QFJSPatchDemoTests" */;
			buildPhases = (
				FC87DFCD1DC324F200F2F0BE /* Sources */,
				FC87DFCE1DC324F200F2F0BE /* Frameworks */,
				FC87DFCF1DC324F200F2F0BE /* Resources */,
			);
			buildRules = (
			);
			dependencies = (
				FC87DFD31DC324F200F2F0BE /* PBXTargetDependency */,
			);
			name = QFJSPatchDemoTests;
			productName = QFJSPatchDemoTests;
			productReference = FC87DFD11DC324F200F2F0BE /* QFJSPatchDemoTests.xctest */;
			productType = "com.apple.product-type.bundle.unit-test";
		};
		FC87DFDB1DC324F200F2F0BE /* QFJSPatchDemoUITests */ = {
			isa = PBXNativeTarget;
			buildConfigurationList = FC87DFEB1DC324F200F2F0BE /* Build configuration list for PBXNativeTarget "QFJSPatchDemoUITests" */;
			buildPhases = (
				FC87DFD81DC324F200F2F0BE /* Sources */,
				FC87DFD91DC324F200F2F0BE /* Frameworks */,
				FC87DFDA1DC324F200F2F0BE /* Resources */,
			);
			buildRules = (
			);
			dependencies = (
				FC87DFDE1DC324F200F2F0BE /* PBXTargetDependency */,
			);
			name = QFJSPatchDemoUITests;
			productName = QFJSPatchDemoUITests;
			productReference = FC87DFDC1DC324F200F2F0BE /* QFJSPatchDemoUITests.xctest */;
			productType = "com.apple.product-type.bundle.ui-testing";
		};
/* End PBXNativeTarget section */

/* Begin PBXProject section */
		FC87DFB01DC324F200F2F0BE /* Project object */ = {
			isa = PBXProject;
			attributes = {
				LastUpgradeCheck = 0800;
				ORGANIZATIONNAME = junge;
				TargetAttributes = {
					FC87DFB71DC324F200F2F0BE = {
						CreatedOnToolsVersion = 8.0;
						ProvisioningStyle = Automatic;
					};
					FC87DFD01DC324F200F2F0BE = {
						CreatedOnToolsVersion = 8.0;
						ProvisioningStyle = Automatic;
						TestTargetID = FC87DFB71DC324F200F2F0BE;
					};
					FC87DFDB1DC324F200F2F0BE = {
						CreatedOnToolsVersion = 8.0;
						ProvisioningStyle = Automatic;
						TestTargetID = FC87DFB71DC324F200F2F0BE;
					};
				};
			};
			buildConfigurationList = FC87DFB31DC324F200F2F0BE /* Build configuration list for PBXProject "QFJSPatchDemo" */;
			compatibilityVersion = "Xcode 3.2";
			developmentRegion = English;
			hasScannedForEncodings = 0;
			knownRegions = (
				en,
				Base,
			);
			mainGroup = FC87DFAF1DC324F200F2F0BE;
			productRefGroup = FC87DFB91DC324F200F2F0BE /* Products */;
			projectDirPath = "";
			projectRoot = "";
			targets = (
				FC87DFB71DC324F200F2F0BE /* QFJSPatchDemo */,
				FC87DFD01DC324F200F2F0BE /* QFJSPatchDemoTests */,
				FC87DFDB1DC324F200F2F0BE /* QFJSPatchDemoUITests */,
			);
		};
/* End PBXProject section */

/* Begin PBXResourcesBuildPhase section */
		FC87DFB61DC324F200F2F0BE /* Resources */ = {
			isa = PBXResourcesBuildPhase;
			buildActionMask = 2147483647;
			files = (
				FC87DFCB1DC324F200F2F0BE /* LaunchScreen.storyboard in Resources */,
				FC9F6DBD1DC4605D00D81A8F /* public_key.pem in Resources */,
				FC87DFC81DC324F200F2F0BE /* Assets.xcassets in Resources */,
				FC87DFC61DC324F200F2F0BE /* Main.storyboard in Resources */,
			);
			runOnlyForDeploymentPostprocessing = 0;
		};
		FC87DFCF1DC324F200F2F0BE /* Resources */ = {
			isa = PBXResourcesBuildPhase;
			buildActionMask = 2147483647;
			files = (
			);
			runOnlyForDeploymentPostprocessing = 0;
		};
		FC87DFDA1DC324F200F2F0BE /* Resources */ = {
			isa = PBXResourcesBuildPhase;
			buildActionMask = 2147483647;
			files = (
			);
			runOnlyForDeploymentPostprocessing = 0;
		};
/* End PBXResourcesBuildPhase section */

/* Begin PBXShellScriptBuildPhase section */
		287E97CF483E6D4DE69536F2 /* [CP] Check Pods Manifest.lock */ = {
			isa = PBXShellScriptBuildPhase;
			buildActionMask = 2147483647;
			files = (
			);
			inputPaths = (
			);
			name = "[CP] Check Pods Manifest.lock";
			outputPaths = (
			);
			runOnlyForDeploymentPostprocessing = 0;
			shellPath = /bin/sh;
			shellScript = "diff \"${PODS_ROOT}/../Podfile.lock\" \"${PODS_ROOT}/Manifest.lock\" > /dev/null\nif [[ $? != 0 ]] ; then\n    cat << EOM\nerror: The sandbox is not in sync with the Podfile.lock. Run 'pod install' or update your CocoaPods installation.\nEOM\n    exit 1\nfi\n";
			showEnvVarsInLog = 0;
		};
		77DB3197AA6FDB45F015F8CB /* [CP] Embed Pods Frameworks */ = {
			isa = PBXShellScriptBuildPhase;
			buildActionMask = 2147483647;
			files = (
			);
			inputPaths = (
			);
			name = "[CP] Embed Pods Frameworks";
			outputPaths = (
			);
			runOnlyForDeploymentPostprocessing = 0;
			shellPath = /bin/sh;
			shellScript = "\"${SRCROOT}/Pods/Target Support Files/Pods-QFJSPatchDemo/Pods-QFJSPatchDemo-frameworks.sh\"\n";
			showEnvVarsInLog = 0;
		};
		9B6C4971C12D998E3306D9DA /* [CP] Copy Pods Resources */ = {
			isa = PBXShellScriptBuildPhase;
			buildActionMask = 2147483647;
			files = (
			);
			inputPaths = (
			);
			name = "[CP] Copy Pods Resources";
			outputPaths = (
			);
			runOnlyForDeploymentPostprocessing = 0;
			shellPath = /bin/sh;
			shellScript = "\"${SRCROOT}/Pods/Target Support Files/Pods-QFJSPatchDemo/Pods-QFJSPatchDemo-resources.sh\"\n";
			showEnvVarsInLog = 0;
		};
/* End PBXShellScriptBuildPhase section */

/* Begin PBXSourcesBuildPhase section */
		FC87DFB41DC324F200F2F0BE /* Sources */ = {
			isa = PBXSourcesBuildPhase;
			buildActionMask = 2147483647;
			files = (
				FC9F6DC01DC4605D00D81A8F /* RSA.m in Sources */,
				FC9F6DBF1DC4605D00D81A8F /* QFJSPatch.m in Sources */,
				FC87DFC31DC324F200F2F0BE /* ViewController.m in Sources */,
				FC87DFC01DC324F200F2F0BE /* AppDelegate.m in Sources */,
				FC9F6DBE1DC4605D00D81A8F /* QFCrashManager.m in Sources */,
				FC87DFBD1DC324F200F2F0BE /* main.m in Sources */,
			);
			runOnlyForDeploymentPostprocessing = 0;
		};
		FC87DFCD1DC324F200F2F0BE /* Sources */ = {
			isa = PBXSourcesBuildPhase;
			buildActionMask = 2147483647;
			files = (
				FC87DFD61DC324F200F2F0BE /* QFJSPatchDemoTests.m in Sources */,
			);
			runOnlyForDeploymentPostprocessing = 0;
		};
		FC87DFD81DC324F200F2F0BE /* Sources */ = {
			isa = PBXSourcesBuildPhase;
			buildActionMask = 2147483647;
			files = (
				FC87DFE11DC324F200F2F0BE /* QFJSPatchDemoUITests.m in Sources */,
			);
			runOnlyForDeploymentPostprocessing = 0;
		};
/* End PBXSourcesBuildPhase section */

/* Begin PBXTargetDependency section */
		FC87DFD31DC324F200F2F0BE /* PBXTargetDependency */ = {
			isa = PBXTargetDependency;
			target = FC87DFB71DC324F200F2F0BE /* QFJSPatchDemo */;
			targetProxy = FC87DFD21DC324F200F2F0BE /* PBXContainerItemProxy */;
		};
		FC87DFDE1DC324F200F2F0BE /* PBXTargetDependency */ = {
			isa = PBXTargetDependency;
			target = FC87DFB71DC324F200F2F0BE /* QFJSPatchDemo */;
			targetProxy = FC87DFDD1DC324F200F2F0BE /* PBXContainerItemProxy */;
		};
/* End PBXTargetDependency section */

/* Begin PBXVariantGroup section */
		FC87DFC41DC324F200F2F0BE /* Main.storyboard */ = {
			isa = PBXVariantGroup;
			children = (
				FC87DFC51DC324F200F2F0BE /* Base */,
			);
			name = Main.storyboard;
			sourceTree = "<group>";
		};
		FC87DFC91DC324F200F2F0BE /* LaunchScreen.storyboard */ = {
			isa = PBXVariantGroup;
			children = (
				FC87DFCA1DC324F200F2F0BE /* Base */,
			);
			name = LaunchScreen.storyboard;
			sourceTree = "<group>";
		};
/* End PBXVariantGroup section */

/* Begin XCBuildConfiguration section */
		FC87DFE31DC324F200F2F0BE /* Debug */ = {
			isa = XCBuildConfiguration;
			buildSettings = {
				ALWAYS_SEARCH_USER_PATHS = NO;
				CLANG_ANALYZER_NONNULL = YES;
				CLANG_CXX_LANGUAGE_STANDARD = "gnu++0x";
				CLANG_CXX_LIBRARY = "libc++";
				CLANG_ENABLE_MODULES = YES;
				CLANG_ENABLE_OBJC_ARC = YES;
				CLANG_WARN_BOOL_CONVERSION = YES;
				CLANG_WARN_CONSTANT_CONVERSION = YES;
				CLANG_WARN_DIRECT_OBJC_ISA_USAGE = YES_ERROR;
				CLANG_WARN_DOCUMENTATION_COMMENTS = YES;
				CLANG_WARN_EMPTY_BODY = YES;
				CLANG_WARN_ENUM_CONVERSION = YES;
				CLANG_WARN_INFINITE_RECURSION = YES;
				CLANG_WARN_INT_CONVERSION = YES;
				CLANG_WARN_OBJC_ROOT_CLASS = YES_ERROR;
				CLANG_WARN_SUSPICIOUS_MOVES = YES;
				CLANG_WARN_UNREACHABLE_CODE = YES;
				CLANG_WARN__DUPLICATE_METHOD_MATCH = YES;
				"CODE_SIGN_IDENTITY[sdk=iphoneos*]" = "iPhone Developer";
				COPY_PHASE_STRIP = NO;
				DEBUG_INFORMATION_FORMAT = dwarf;
				ENABLE_STRICT_OBJC_MSGSEND = YES;
				ENABLE_TESTABILITY = YES;
				GCC_C_LANGUAGE_STANDARD = gnu99;
				GCC_DYNAMIC_NO_PIC = NO;
				GCC_NO_COMMON_BLOCKS = YES;
				GCC_OPTIMIZATION_LEVEL = 0;
				GCC_PREPROCESSOR_DEFINITIONS = (
					"DEBUG=1",
					"$(inherited)",
				);
				GCC_WARN_64_TO_32_BIT_CONVERSION = YES;
				GCC_WARN_ABOUT_RETURN_TYPE = YES_ERROR;
				GCC_WARN_UNDECLARED_SELECTOR = YES;
				GCC_WARN_UNINITIALIZED_AUTOS = YES_AGGRESSIVE;
				GCC_WARN_UNUSED_FUNCTION = YES;
				GCC_WARN_UNUSED_VARIABLE = YES;
				IPHONEOS_DEPLOYMENT_TARGET = 10.0;
				MTL_ENABLE_DEBUG_INFO = YES;
				ONLY_ACTIVE_ARCH = YES;
				SDKROOT = iphoneos;
			};
			name = Debug;
		};
		FC87DFE41DC324F200F2F0BE /* Release */ = {
			isa = XCBuildConfiguration;
			buildSettings = {
				ALWAYS_SEARCH_USER_PATHS = NO;
				CLANG_ANALYZER_NONNULL = YES;
				CLANG_CXX_LANGUAGE_STANDARD = "gnu++0x";
				CLANG_CXX_LIBRARY = "libc++";
				CLANG_ENABLE_MODULES = YES;
				CLANG_ENABLE_OBJC_ARC = YES;
				CLANG_WARN_BOOL_CONVERSION = YES;
				CLANG_WARN_CONSTANT_CONVERSION = YES;
				CLANG_WARN_DIRECT_OBJC_ISA_USAGE = YES_ERROR;
				CLANG_WARN_DOCUMENTATION_COMMENTS = YES;
				CLANG_WARN_EMPTY_BODY = YES;
				CLANG_WARN_ENUM_CONVERSION = YES;
				CLANG_WARN_INFINITE_RECURSION = YES;
				CLANG_WARN_INT_CONVERSION = YES;
				CLANG_WARN_OBJC_ROOT_CLASS = YES_ERROR;
				CLANG_WARN_SUSPICIOUS_MOVES = YES;
				CLANG_WARN_UNREACHABLE_CODE = YES;
				CLANG_WARN__DUPLICATE_METHOD_MATCH = YES;
				"CODE_SIGN_IDENTITY[sdk=iphoneos*]" = "iPhone Developer";
				COPY_PHASE_STRIP = NO;
				DEBUG_INFORMATION_FORMAT = "dwarf-with-dsym";
				ENABLE_NS_ASSERTIONS = NO;
				ENABLE_STRICT_OBJC_MSGSEND = YES;
				GCC_C_LANGUAGE_STANDARD = gnu99;
				GCC_NO_COMMON_BLOCKS = YES;
				GCC_WARN_64_TO_32_BIT_CONVERSION = YES;
				GCC_WARN_ABOUT_RETURN_TYPE = YES_ERROR;
				GCC_WARN_UNDECLARED_SELECTOR = YES;
				GCC_WARN_UNINITIALIZED_AUTOS = YES_AGGRESSIVE;
				GCC_WARN_UNUSED_FUNCTION = YES;
				GCC_WARN_UNUSED_VARIABLE = YES;
				IPHONEOS_DEPLOYMENT_TARGET = 10.0;
				MTL_ENABLE_DEBUG_INFO = NO;
				SDKROOT = iphoneos;
				VALIDATE_PRODUCT = YES;
			};
			name = Release;
		};
		FC87DFE61DC324F200F2F0BE /* Debug */ = {
			isa = XCBuildConfiguration;
			baseConfigurationReference = 912EE0218517ACA8A810A081 /* Pods-QFJSPatchDemo.debug.xcconfig */;
			buildSettings = {
				ASSETCATALOG_COMPILER_APPICON_NAME = AppIcon;
				INFOPLIST_FILE = QFJSPatchDemo/Info.plist;
				LD_RUNPATH_SEARCH_PATHS = "$(inherited) @executable_path/Frameworks";
				PRODUCT_BUNDLE_IDENTIFIER = com.junge.QFJSPatchDemo;
				PRODUCT_NAME = "$(TARGET_NAME)";
			};
			name = Debug;
		};
		FC87DFE71DC324F200F2F0BE /* Release */ = {
			isa = XCBuildConfiguration;
			baseConfigurationReference = 761AD4CAF17DCCBD5E13DCD0 /* Pods-QFJSPatchDemo.release.xcconfig */;
			buildSettings = {
				ASSETCATALOG_COMPILER_APPICON_NAME = AppIcon;
				INFOPLIST_FILE = QFJSPatchDemo/Info.plist;
				LD_RUNPATH_SEARCH_PATHS = "$(inherited) @executable_path/Frameworks";
				PRODUCT_BUNDLE_IDENTIFIER = com.junge.QFJSPatchDemo;
				PRODUCT_NAME = "$(TARGET_NAME)";
			};
			name = Release;
		};
		FC87DFE91DC324F200F2F0BE /* Debug */ = {
			isa = XCBuildConfiguration;
			buildSettings = {
				BUNDLE_LOADER = "$(TEST_HOST)";
				INFOPLIST_FILE = QFJSPatchDemoTests/Info.plist;
				LD_RUNPATH_SEARCH_PATHS = "$(inherited) @executable_path/Frameworks @loader_path/Frameworks";
				PRODUCT_BUNDLE_IDENTIFIER = com.junge.QFJSPatchDemoTests;
				PRODUCT_NAME = "$(TARGET_NAME)";
				TEST_HOST = "$(BUILT_PRODUCTS_DIR)/QFJSPatchDemo.app/QFJSPatchDemo";
			};
			name = Debug;
		};
		FC87DFEA1DC324F200F2F0BE /* Release */ = {
			isa = XCBuildConfiguration;
			buildSettings = {
				BUNDLE_LOADER = "$(TEST_HOST)";
				INFOPLIST_FILE = QFJSPatchDemoTests/Info.plist;
				LD_RUNPATH_SEARCH_PATHS = "$(inherited) @executable_path/Frameworks @loader_path/Frameworks";
				PRODUCT_BUNDLE_IDENTIFIER = com.junge.QFJSPatchDemoTests;
				PRODUCT_NAME = "$(TARGET_NAME)";
				TEST_HOST = "$(BUILT_PRODUCTS_DIR)/QFJSPatchDemo.app/QFJSPatchDemo";
			};
			name = Release;
		};
		FC87DFEC1DC324F200F2F0BE /* Debug */ = {
			isa = XCBuildConfiguration;
			buildSettings = {
				INFOPLIST_FILE = QFJSPatchDemoUITests/Info.plist;
				LD_RUNPATH_SEARCH_PATHS = "$(inherited) @executable_path/Frameworks @loader_path/Frameworks";
				PRODUCT_BUNDLE_IDENTIFIER = com.junge.QFJSPatchDemoUITests;
				PRODUCT_NAME = "$(TARGET_NAME)";
				TEST_TARGET_NAME = QFJSPatchDemo;
			};
			name = Debug;
		};
		FC87DFED1DC324F200F2F0BE /* Release */ = {
			isa = XCBuildConfiguration;
			buildSettings = {
				INFOPLIST_FILE = QFJSPatchDemoUITests/Info.plist;
				LD_RUNPATH_SEARCH_PATHS = "$(inherited) @executable_path/Frameworks @loader_path/Frameworks";
				PRODUCT_BUNDLE_IDENTIFIER = com.junge.QFJSPatchDemoUITests;
				PRODUCT_NAME = "$(TARGET_NAME)";
				TEST_TARGET_NAME = QFJSPatchDemo;
			};
			name = Release;
		};
/* End XCBuildConfiguration section */

/* Begin XCConfigurationList section */
		FC87DFB31DC324F200F2F0BE /* Build configuration list for PBXProject "QFJSPatchDemo" */ = {
			isa = XCConfigurationList;
			buildConfigurations = (
				FC87DFE31DC324F200F2F0BE /* Debug */,
				FC87DFE41DC324F200F2F0BE /* Release */,
			);
			defaultConfigurationIsVisible = 0;
			defaultConfigurationName = Release;
		};
		FC87DFE51DC324F200F2F0BE /* Build configuration list for PBXNativeTarget "QFJSPatchDemo" */ = {
			isa = XCConfigurationList;
			buildConfigurations = (
				FC87DFE61DC324F200F2F0BE /* Debug */,
				FC87DFE71DC324F200F2F0BE /* Release */,
			);
			defaultConfigurationIsVisible = 0;
			defaultConfigurationName = Release;
		};
		FC87DFE81DC324F200F2F0BE /* Build configuration list for PBXNativeTarget "QFJSPatchDemoTests" */ = {
			isa = XCConfigurationList;
			buildConfigurations = (
				FC87DFE91DC324F200F2F0BE /* Debug */,
				FC87DFEA1DC324F200F2F0BE /* Release */,
			);
			defaultConfigurationIsVisible = 0;
			defaultConfigurationName = Release;
		};
		FC87DFEB1DC324F200F2F0BE /* Build configuration list for PBXNativeTarget "QFJSPatchDemoUITests" */ = {
			isa = XCConfigurationList;
			buildConfigurations = (
				FC87DFEC1DC324F200F2F0BE /* Debug */,
				FC87DFED1DC324F200F2F0BE /* Release */,
			);
			defaultConfigurationIsVisible = 0;
			defaultConfigurationName = Release;
		};
/* End XCConfigurationList section */
	};
	rootObject = FC87DFB01DC324F200F2F0BE /* Project object */;
}
